// !$*UTF8*$!
{
	archiveVersion = 1;
	classes = {
	};
	objectVersion = 46;
	objects = {

/* Begin PBXBuildFile section */
		588D5AC91DD5080C00B3EF19 /* AppDelegate.swift in Sources */ = {isa = PBXBuildFile; fileRef = 588D5AC81DD5080C00B3EF19 /* AppDelegate.swift */; };
		588D5ACE1DD5080C00B3EF19 /* Main.storyboard in Resources */ = {isa = PBXBuildFile; fileRef = 588D5ACC1DD5080C00B3EF19 /* Main.storyboard */; };
		588D5AD11DD5080C00B3EF19 /* CustomCell.xcdatamodeld in Sources */ = {isa = PBXBuildFile; fileRef = 588D5ACF1DD5080C00B3EF19 /* CustomCell.xcdatamodeld */; };
		588D5AD31DD5080C00B3EF19 /* Assets.xcassets in Resources */ = {isa = PBXBuildFile; fileRef = 588D5AD21DD5080C00B3EF19 /* Assets.xcassets */; };
		588D5AD61DD5080C00B3EF19 /* LaunchScreen.storyboard in Resources */ = {isa = PBXBuildFile; fileRef = 588D5AD41DD5080C00B3EF19 /* LaunchScreen.storyboard */; };
		588D5ADF1DD5083800B3EF19 /* MyCustomCell.swift in Sources */ = {isa = PBXBuildFile; fileRef = 588D5ADD1DD5083800B3EF19 /* MyCustomCell.swift */; };
		588D5AE01DD5083800B3EF19 /* MyCustomCell.xib in Resources */ = {isa = PBXBuildFile; fileRef = 588D5ADE1DD5083800B3EF19 /* MyCustomCell.xib */; };
		588D5AE21DD5086700B3EF19 /* TableViewController.swift in Sources */ = {isa = PBXBuildFile; fileRef = 588D5AE11DD5086700B3EF19 /* TableViewController.swift */; };
/* End PBXBuildFile section */

/* Begin PBXFileReference section */
		588D5AC51DD5080C00B3EF19 /* CustomCell.app */ = {isa = PBXFileReference; explicitFileType = wrapper.application; includeInIndex = 0; path = CustomCell.app; sourceTree = BUILT_PRODUCTS_DIR; };
		588D5AC81DD5080C00B3EF19 /* AppDelegate.swift */ = {isa = PBXFileReference; lastKnownFileType = sourcecode.swift; path = AppDelegate.swift; sourceTree = "<group>"; };
		588D5ACD1DD5080C00B3EF19 /* Base */ = {isa = PBXFileReference; lastKnownFileType = file.storyboard; name = Base; path = Base.lproj/Main.storyboard; sourceTree = "<group>"; };
		588D5AD01DD5080C00B3EF19 /* CustomCell.xcdatamodel */ = {isa = PBXFileReference; lastKnownFileType = wrapper.xcdatamodel; path = CustomCell.xcdatamodel; sourceTree = "<group>"; };
		588D5AD21DD5080C00B3EF19 /* Assets.xcassets */ = {isa = PBXFileReference; lastKnownFileType = folder.assetcatalog; path = Assets.xcassets; sourceTree = "<group>"; };
		588D5AD51DD5080C00B3EF19 /* Base */ = {isa = PBXFileReference; lastKnownFileType = file.storyboard; name = Base; path = Base.lproj/LaunchScreen.storyboard; sourceTree = "<group>"; };
		588D5AD71DD5080C00B3EF19 /* Info.plist */ = {isa = PBXFileReference; lastKnownFileType = text.plist.xml; path = Info.plist; sourceTree = "<group>"; };
		588D5ADD1DD5083800B3EF19 /* MyCustomCell.swift */ = {isa = PBXFileReference; fileEncoding = 4; lastKnownFileType = sourcecode.swift; path = MyCustomCell.swift; sourceTree = "<group>"; };
		588D5ADE1DD5083800B3EF19 /* MyCustomCell.xib */ = {isa = PBXFileReference; fileEncoding = 4; lastKnownFileType = file.xib; path = MyCustomCell.xib; sourceTree = "<group>"; };
		588D5AE11DD5086700B3EF19 /* TableViewController.swift */ = {isa = PBXFileReference; fileEncoding = 4; lastKnownFileType = sourcecode.swift; path = TableViewController.swift; sourceTree = "<group>"; };
/* End PBXFileReference section */

/* Begin PBXFrameworksBuildPhase section */
		588D5AC21DD5080C00B3EF19 /* Frameworks */ = {
			isa = PBXFrameworksBuildPhase;
			buildActionMask = 2147483647;
			files = (
			);
			runOnlyForDeploymentPostprocessing = 0;
		};
/* End PBXFrameworksBuildPhase section */

/* Begin PBXGroup section */
		588D5ABC1DD5080C00B3EF19 = {
			isa = PBXGroup;
			children = (
				588D5AC71DD5080C00B3EF19 /* CustomCell */,
				588D5AC61DD5080C00B3EF19 /* Products */,
			);
			sourceTree = "<group>";
		};
		588D5AC61DD5080C00B3EF19 /* Products */ = {
			isa = PBXGroup;
			children = (
				588D5AC51DD5080C00B3EF19 /* CustomCell.app */,
			);
			name = Products;
			sourceTree = "<group>";
		};
		588D5AC71DD5080C00B3EF19 /* CustomCell */ = {
			isa = PBXGroup;
			children = (
				588D5AC81DD5080C00B3EF19 /* AppDelegate.swift */,
				588D5ACC1DD5080C00B3EF19 /* Main.storyboard */,
				588D5AD21DD5080C00B3EF19 /* Assets.xcassets */,
				588D5AD41DD5080C00B3EF19 /* LaunchScreen.storyboard */,
				588D5AD71DD5080C00B3EF19 /* Info.plist */,
				588D5ACF1DD5080C00B3EF19 /* CustomCell.xcdatamodeld */,
				588D5ADD1DD5083800B3EF19 /* MyCustomCell.swift */,
				588D5ADE1DD5083800B3EF19 /* MyCustomCell.xib */,
				588D5AE11DD5086700B3EF19 /* TableViewController.swift */,
			);
			path = CustomCell;
			sourceTree = "<group>";
		};
/* End PBXGroup section */

/* Begin PBXNativeTarget section */
		588D5AC41DD5080C00B3EF19 /* CustomCell */ = {
			isa = PBXNativeTarget;
			buildConfigurationList = 588D5ADA1DD5080C00B3EF19 /* Build configuration list for PBXNativeTarget "CustomCell" */;
			buildPhases = (
				588D5AC11DD5080C00B3EF19 /* Sources */,
				588D5AC21DD5080C00B3EF19 /* Frameworks */,
				588D5AC31DD5080C00B3EF19 /* Resources */,
			);
			buildRules = (
			);
			dependencies = (
			);
			name = CustomCell;
			productName = CustomCell;
			productReference = 588D5AC51DD5080C00B3EF19 /* CustomCell.app */;
			productType = "com.apple.product-type.application";
		};
/* End PBXNativeTarget section */

/* Begin PBXProject section */
		588D5ABD1DD5080C00B3EF19 /* Project object */ = {
			isa = PBXProject;
			attributes = {
				LastSwiftUpdateCheck = 0810;
				LastUpgradeCheck = 0810;
				ORGANIZATIONNAME = Nando;
				TargetAttributes = {
					588D5AC41DD5080C00B3EF19 = {
						CreatedOnToolsVersion = 8.1;
						ProvisioningStyle = Automatic;
					};
				};
			};
			buildConfigurationList = 588D5AC01DD5080C00B3EF19 /* Build configuration list for PBXProject "CustomCell" */;
			compatibilityVersion = "Xcode 3.2";
			developmentRegion = English;
			hasScannedForEncodings = 0;
			knownRegions = (
				en,
				Base,
			);
			mainGroup = 588D5ABC1DD5080C00B3EF19;
			productRefGroup = 588D5AC61DD5080C00B3EF19 /* Products */;
			projectDirPath = "";
			projectRoot = "";
			targets = (
				588D5AC41DD5080C00B3EF19 /* CustomCell */,
			);
		};
/* End PBXProject section */

/* Begin PBXResourcesBuildPhase section */
		588D5AC31DD5080C00B3EF19 /* Resources */ = {
			isa = PBXResourcesBuildPhase;
			buildActionMask = 2147483647;
			files = (
				588D5AD61DD5080C00B3EF19 /* LaunchScreen.storyboard in Resources */,
				588D5AD31DD5080C00B3EF19 /* Assets.xcassets in Resources */,
				588D5AE01DD5083800B3EF19 /* MyCustomCell.xib in Resources */,
				588D5ACE1DD5080C00B3EF19 /* Main.storyboard in Resources */,
			);
			runOnlyForDeploymentPostprocessing = 0;
		};
/* End PBXResourcesBuildPhase section */

/* Begin PBXSourcesBuildPhase section */
		588D5AC11DD5080C00B3EF19 /* Sources */ = {
			isa = PBXSourcesBuildPhase;
			buildActionMask = 2147483647;
			files = (
				588D5AD11DD5080C00B3EF19 /* CustomCell.xcdatamodeld in Sources */,
				588D5ADF1DD5083800B3EF19 /* MyCustomCell.swift in Sources */,
				588D5AC91DD5080C00B3EF19 /* AppDelegate.swift in Sources */,
				588D5AE21DD5086700B3EF19 /* TableViewController.swift in Sources */,
			);
			runOnlyForDeploymentPostprocessing = 0;
		};
/* End PBXSourcesBuildPhase section */

/* Begin PBXVariantGroup section */
		588D5ACC1DD5080C00B3EF19 /* Main.storyboard */ = {
			isa = PBXVariantGroup;
			children = (
				588D5ACD1DD5080C00B3EF19 /* Base */,
			);
			name = Main.storyboard;
			sourceTree = "<group>";
		};
		588D5AD41DD5080C00B3EF19 /* LaunchScreen.storyboard */ = {
			isa = PBXVariantGroup;
			children = (
				588D5AD51DD5080C00B3EF19 /* Base */,
			);
			name = LaunchScreen.storyboard;
			sourceTree = "<group>";
		};
/* End PBXVariantGroup section */

/* Begin XCBuildConfiguration section */
		588D5AD81DD5080C00B3EF19 /* Debug */ = {
			isa = XCBuildConfiguration;
			buildSettings = {
				ALWAYS_SEARCH_USER_PATHS = NO;
				CLANG_ANALYZER_NONNULL = YES;
				CLANG_CXX_LANGUAGE_STANDARD = "gnu++0x";
				CLANG_CXX_LIBRARY = "libc++";
				CLANG_ENABLE_MODULES = YES;
				CLANG_ENABLE_OBJC_ARC = YES;
				CLANG_WARN_BOOL_CONVERSION = YES;
				CLANG_WARN_CONSTANT_CONVERSION = YES;
				CLANG_WARN_DIRECT_OBJC_ISA_USAGE = YES_ERROR;
				CLANG_WARN_DOCUMENTATION_COMMENTS = YES;
				CLANG_WARN_EMPTY_BODY = YES;
				CLANG_WARN_ENUM_CONVERSION = YES;
				CLANG_WARN_INFINITE_RECURSION = YES;
				CLANG_WARN_INT_CONVERSION = YES;
				CLANG_WARN_OBJC_ROOT_CLASS = YES_ERROR;
				CLANG_WARN_SUSPICIOUS_MOVES = YES;
				CLANG_WARN_UNREACHABLE_CODE = YES;
				CLANG_WARN__DUPLICATE_METHOD_MATCH = YES;
				"CODE_SIGN_IDENTITY[sdk=iphoneos*]" = "iPhone Developer";
				COPY_PHASE_STRIP = NO;
				DEBUG_INFORMATION_FORMAT = dwarf;
				ENABLE_STRICT_OBJC_MSGSEND = YES;
				ENABLE_TESTABILITY = YES;
				GCC_C_LANGUAGE_STANDARD = gnu99;
				GCC_DYNAMIC_NO_PIC = NO;
				GCC_NO_COMMON_BLOCKS = YES;
				GCC_OPTIMIZATION_LEVEL = 0;
				GCC_PREPROCESSOR_DEFINITIONS = (
					"DEBUG=1",
					"$(inherited)",
				);
				GCC_WARN_64_TO_32_BIT_CONVERSION = YES;
				GCC_WARN_ABOUT_RETURN_TYPE = YES_ERROR;
				GCC_WARN_UNDECLARED_SELECTOR = YES;
				GCC_WARN_UNINITIALIZED_AUTOS = YES_AGGRESSIVE;
				GCC_WARN_UNUSED_FUNCTION = YES;
				GCC_WARN_UNUSED_VARIABLE = YES;
				IPHONEOS_DEPLOYMENT_TARGET = 10.1;
				MTL_ENABLE_DEBUG_INFO = YES;
				ONLY_ACTIVE_ARCH = YES;
				SDKROOT = iphoneos;
				SWIFT_ACTIVE_COMPILATION_CONDITIONS = DEBUG;
				SWIFT_OPTIMIZATION_LEVEL = "-Onone";
				TARGETED_DEVICE_FAMILY = "1,2";
			};
			name = Debug;
		};
		588D5AD91DD5080C00B3EF19 /* Release */ = {
			isa = XCBuildConfiguration;
			buildSettings = {
				ALWAYS_SEARCH_USER_PATHS = NO;
				CLANG_ANALYZER_NONNULL = YES;
				CLANG_CXX_LANGUAGE_STANDARD = "gnu++0x";
				CLANG_CXX_LIBRARY = "libc++";
				CLANG_ENABLE_MODULES = YES;
				CLANG_ENABLE_OBJC_ARC = YES;
				CLANG_WARN_BOOL_CONVERSION = YES;
				CLANG_WARN_CONSTANT_CONVERSION = YES;
				CLANG_WARN_DIRECT_OBJC_ISA_USAGE = YES_ERROR;
				CLANG_WARN_DOCUMENTATION_COMMENTS = YES;
				CLANG_WARN_EMPTY_BODY = YES;
				CLANG_WARN_ENUM_CONVERSION = YES;
				CLANG_WARN_INFINITE_RECURSION = YES;
				CLANG_WARN_INT_CONVERSION = YES;
				CLANG_WARN_OBJC_ROOT_CLASS = YES_ERROR;
				CLANG_WARN_SUSPICIOUS_MOVES = YES;
				CLANG_WARN_UNREACHABLE_CODE = YES;
				CLANG_WARN__DUPLICATE_METHOD_MATCH = YES;
				"CODE_SIGN_IDENTITY[sdk=iphoneos*]" = "iPhone Developer";
				COPY_PHASE_STRIP = NO;
				DEBUG_INFORMATION_FORMAT = "dwarf-with-dsym";
				ENABLE_NS_ASSERTIONS = NO;
				ENABLE_STRICT_OBJC_MSGSEND = YES;
				GCC_C_LANGUAGE_STANDARD = gnu99;
				GCC_NO_COMMON_BLOCKS = YES;
				GCC_WARN_64_TO_32_BIT_CONVERSION = YES;
				GCC_WARN_ABOUT_RETURN_TYPE = YES_ERROR;
				GCC_WARN_UNDECLARED_SELECTOR = YES;
				GCC_WARN_UNINITIALIZED_AUTOS = YES_AGGRESSIVE;
				GCC_WARN_UNUSED_FUNCTION = YES;
				GCC_WARN_UNUSED_VARIABLE = YES;
				IPHONEOS_DEPLOYMENT_TARGET = 10.1;
				MTL_ENABLE_DEBUG_INFO = NO;
				SDKROOT = iphoneos;
				SWIFT_OPTIMIZATION_LEVEL = "-Owholemodule";
				TARGETED_DEVICE_FAMILY = "1,2";
				VALIDATE_PRODUCT = YES;
			};
			name = Release;
		};
		588D5ADB1DD5080C00B3EF19 /* Debug */ = {
			isa = XCBuildConfiguration;
			buildSettings = {
				ASSETCATALOG_COMPILER_APPICON_NAME = AppIcon;
				INFOPLIST_FILE = CustomCell/Info.plist;
				LD_RUNPATH_SEARCH_PATHS = "$(inherited) @executable_path/Frameworks";
				PRODUCT_BUNDLE_IDENTIFIER = br.com.caelum.CustomCell;
				PRODUCT_NAME = "$(TARGET_NAME)";
				SWIFT_VERSION = 3.0;
			};
			name = Debug;
		};
		588D5ADC1DD5080C00B3EF19 /* Release */ = {
			isa = XCBuildConfiguration;
			buildSettings = {
				ASSETCATALOG_COMPILER_APPICON_NAME = AppIcon;
				INFOPLIST_FILE = CustomCell/Info.plist;
				LD_RUNPATH_SEARCH_PATHS = "$(inherited) @executable_path/Frameworks";
				PRODUCT_BUNDLE_IDENTIFIER = br.com.caelum.CustomCell;
				PRODUCT_NAME = "$(TARGET_NAME)";
				SWIFT_VERSION = 3.0;
			};
			name = Release;
		};
/* End XCBuildConfiguration section */

/* Begin XCConfigurationList section */
		588D5AC01DD5080C00B3EF19 /* Build configuration list for PBXProject "CustomCell" */ = {
			isa = XCConfigurationList;
			buildConfigurations = (
				588D5AD81DD5080C00B3EF19 /* Debug */,
				588D5AD91DD5080C00B3EF19 /* Release */,
			);
			defaultConfigurationIsVisible = 0;
			defaultConfigurationName = Release;
		};
		588D5ADA1DD5080C00B3EF19 /* Build configuration list for PBXNativeTarget "CustomCell" */ = {
			isa = XCConfigurationList;
			buildConfigurations = (
				588D5ADB1DD5080C00B3EF19 /* Debug */,
				588D5ADC1DD5080C00B3EF19 /* Release */,
			);
			defaultConfigurationIsVisible = 0;
		};
/* End XCConfigurationList section */

/* Begin XCVersionGroup section */
		588D5ACF1DD5080C00B3EF19 /* CustomCell.xcdatamodeld */ = {
			isa = XCVersionGroup;
			children = (
				588D5AD01DD5080C00B3EF19 /* CustomCell.xcdatamodel */,
			);
			currentVersion = 588D5AD01DD5080C00B3EF19 /* CustomCell.xcdatamodel */;
			path = CustomCell.xcdatamodeld;
			sourceTree = "<group>";
			versionGroupType = wrapper.xcdatamodel;
		};
/* End XCVersionGroup section */
	};
	rootObject = 588D5ABD1DD5080C00B3EF19 /* Project object */;
}
